<?xml version="1.0" encoding="utf-8"?>
<Project ToolsVersion="4.0" xmlns="http://schemas.microsoft.com/developer/msbuild/2003">
  <ItemGroup>
    <Filter Include="NotReal">
      <UniqueIdentifier>{1A8A4C83-8669-CB1E-8F81-56F5FBDF3180}</UniqueIdentifier>
    </Filter>
    <Filter Include="NotReal\Events">
      <UniqueIdentifier>{BE94B29C-AA62-A6A2-93F6-16C97F638207}</UniqueIdentifier>
    </Filter>
  </ItemGroup>
  <ItemGroup>
    <ClInclude Include="src\NotReal.h" />
    <ClInclude Include="src\NotReal\Application.h">
      <Filter>NotReal</Filter>
    </ClInclude>
    <ClInclude Include="src\NotReal\Core.h">
      <Filter>NotReal</Filter>
    </ClInclude>
    <ClInclude Include="src\NotReal\EntryPoint.h">
      <Filter>NotReal</Filter>
    </ClInclude>
    <ClInclude Include="src\NotReal\Events\ApplicationEvent.h">
      <Filter>NotReal\Events</Filter>
    </ClInclude>
    <ClInclude Include="src\NotReal\Events\Event.h">
      <Filter>NotReal\Events</Filter>
    </ClInclude>
    <ClInclude Include="src\NotReal\Events\KeyEvent.h">
      <Filter>NotReal\Events</Filter>
    </ClInclude>
    <ClInclude Include="src\NotReal\Events\MouseEvent.h">
      <Filter>NotReal\Events</Filter>
    </ClInclude>
    <ClInclude Include="src\NotReal\Log.h">
      <Filter>NotReal</Filter>
    </ClInclude>
  </ItemGroup>
  <ItemGroup>
    <ClCompile Include="src\NotReal\Application.cpp">
      <Filter>NotReal</Filter>
    </ClCompile>
    <ClCompile Include="src\NotReal\Log.cpp">
      <Filter>NotReal</Filter>
    </ClCompile>
    <ClCompile Include="src\nrpch.cpp" />
  </ItemGroup>
</Project>